
Microsoft Visual Studio Solution File, Format Version 12.00
# Visual Studio Version 17
VisualStudioVersion = 17.8.34408.163
MinimumVisualStudioVersion = 10.0.40219.1
Project("{9A19103F-16F7-4668-BE54-9A1E7A4F7556}") = "SistemaLojaDeRoupas.API", "SistemaLojaDeRoupas.API\SistemaLojaDeRoupas.API.csproj", "{673194F9-2346-4250-A588-8FD3F4E9822A}"
EndProject
Project("{9A19103F-16F7-4668-BE54-9A1E7A4F7556}") = "SistemaLojaDeRoupas.Models", "SistemaLojaDeRoupas.Models\SistemaLojaDeRoupas.Models.csproj", "{749B1A36-A4DD-47D0-8DE4-D2301E7D1070}"
EndProject
Project("{9A19103F-16F7-4668-BE54-9A1E7A4F7556}") = "SistemaLojaDeRoupas.Repository", "SistemaLojaDeRoupas.Repository\SistemaLojaDeRoupas.Repository.csproj", "{22DB4327-C5E7-4868-86B9-DC4535228C43}"
EndProject
Global
	GlobalSection(SolutionConfigurationPlatforms) = preSolution
		Debug|Any CPU = Debug|Any CPU
		Release|Any CPU = Release|Any CPU
	EndGlobalSection
	GlobalSection(ProjectConfigurationPlatforms) = postSolution
		{673194F9-2346-4250-A588-8FD3F4E9822A}.Debug|Any CPU.ActiveCfg = Debug|Any CPU
		{673194F9-2346-4250-A588-8FD3F4E9822A}.Debug|Any CPU.Build.0 = Debug|Any CPU
		{673194F9-2346-4250-A588-8FD3F4E9822A}.Release|Any CPU.ActiveCfg = Release|Any CPU
		{673194F9-2346-4250-A588-8FD3F4E9822A}.Release|Any CPU.Build.0 = Release|Any CPU
		{749B1A36-A4DD-47D0-8DE4-D2301E7D1070}.Debug|Any CPU.ActiveCfg = Debug|Any CPU
		{749B1A36-A4DD-47D0-8DE4-D2301E7D1070}.Debug|Any CPU.Build.0 = Debug|Any CPU
		{749B1A36-A4DD-47D0-8DE4-D2301E7D1070}.Release|Any CPU.ActiveCfg = Release|Any CPU
		{749B1A36-A4DD-47D0-8DE4-D2301E7D1070}.Release|Any CPU.Build.0 = Release|Any CPU
		{22DB4327-C5E7-4868-86B9-DC4535228C43}.Debug|Any CPU.ActiveCfg = Debug|Any CPU
		{22DB4327-C5E7-4868-86B9-DC4535228C43}.Debug|Any CPU.Build.0 = Debug|Any CPU
		{22DB4327-C5E7-4868-86B9-DC4535228C43}.Release|Any CPU.ActiveCfg = Release|Any CPU
		{22DB4327-C5E7-4868-86B9-DC4535228C43}.Release|Any CPU.Build.0 = Release|Any CPU
	EndGlobalSection
	GlobalSection(SolutionProperties) = preSolution
		HideSolutionNode = FALSE
	EndGlobalSection
	GlobalSection(ExtensibilityGlobals) = postSolution
		SolutionGuid = {C66A5FA2-A11D-4755-8D20-C1F892151FCC}
	EndGlobalSection
EndGlobal
